
Microsoft Visual Studio Solution File, Format Version 12.00
# Visual Studio 15
Project("{FAE04EC0-301F-11D3-BF4B-00C04F79EFBC}") = "TASK3", "TASK3\TASK3.csproj", "{AFDC2289-1FA1-4607-952D-6CCEE11E2B31}"
EndProject
Global
	GlobalSection(SolutionConfigurationPlatforms) = preSolution
		Debug|Any CPU = Debug|Any CPU
		Release|Any CPU = Release|Any CPU
	EndGlobalSection
	GlobalSection(ProjectConfigurationPlatforms) = postSolution
		{AFDC2289-1FA1-4607-952D-6CCEE11E2B31}.Debug|Any CPU.ActiveCfg = Debug|Any CPU
		{AFDC2289-1FA1-4607-952D-6CCEE11E2B31}.Debug|Any CPU.Build.0 = Debug|Any CPU
		{AFDC2289-1FA1-4607-952D-6CCEE11E2B31}.Release|Any CPU.ActiveCfg = Release|Any CPU
		{AFDC2289-1FA1-4607-952D-6CCEE11E2B31}.Release|Any CPU.Build.0 = Release|Any CPU
	EndGlobalSection
EndGlobal
