
Microsoft Visual Studio Solution File, Format Version 12.00
# Visual Studio 15
Project("{FAE04EC0-301F-11D3-BF4B-00C04F79EFBC}") = "LAB1", "LAB1.csproj", "{23B28C70-B695-44F6-B750-BFA32730BDF6}"
EndProject
Global
	GlobalSection(SolutionConfigurationPlatforms) = preSolution
		Debug|Any CPU = Debug|Any CPU
		Release|Any CPU = Release|Any CPU
	EndGlobalSection
	GlobalSection(ProjectConfigurationPlatforms) = postSolution
		{23B28C70-B695-44F6-B750-BFA32730BDF6}.Debug|Any CPU.ActiveCfg = Debug|Any CPU
		{23B28C70-B695-44F6-B750-BFA32730BDF6}.Debug|Any CPU.Build.0 = Debug|Any CPU
		{23B28C70-B695-44F6-B750-BFA32730BDF6}.Release|Any CPU.ActiveCfg = Release|Any CPU
		{23B28C70-B695-44F6-B750-BFA32730BDF6}.Release|Any CPU.Build.0 = Release|Any CPU
	EndGlobalSection
EndGlobal
