
Microsoft Visual Studio Solution File, Format Version 12.00
# Visual Studio 15
Project("{FAE04EC0-301F-11D3-BF4B-00C04F79EFBC}") = "LAB1", "LAB1\LAB1.csproj", "{7A078B10-A128-448C-9B0A-9509EF660C0A}"
EndProject
Global
	GlobalSection(SolutionConfigurationPlatforms) = preSolution
		Debug|Any CPU = Debug|Any CPU
		Release|Any CPU = Release|Any CPU
	EndGlobalSection
	GlobalSection(ProjectConfigurationPlatforms) = postSolution
		{7A078B10-A128-448C-9B0A-9509EF660C0A}.Debug|Any CPU.ActiveCfg = Debug|Any CPU
		{7A078B10-A128-448C-9B0A-9509EF660C0A}.Debug|Any CPU.Build.0 = Debug|Any CPU
		{7A078B10-A128-448C-9B0A-9509EF660C0A}.Release|Any CPU.ActiveCfg = Release|Any CPU
		{7A078B10-A128-448C-9B0A-9509EF660C0A}.Release|Any CPU.Build.0 = Release|Any CPU
	EndGlobalSection
EndGlobal
